
Microsoft Visual Studio Solution File, Format Version 12.00
# Visual Studio 15
VisualStudioVersion = 15.0.28307.572
MinimumVisualStudioVersion = 10.0.40219.1
Project("{2150E333-8FDC-42A3-9474-1A3956D46DE8}") = "SubSystems", "SubSystems", "{7F01C131-F1AE-4235-9F3C-772786BE0615}"
EndProject
Project("{FAE04EC0-301F-11D3-BF4B-00C04F79EFBC}") = "Yuya.Net.ODataServer.SubSystems.ODataUrlParser", "SubSystems\Yuya.Net.ODataServer.SubSystems.ODataUrlParser\Yuya.Net.ODataServer.SubSystems.ODataUrlParser.csproj", "{EAFEBAB2-016B-4ACA-BAE9-4536F979A024}"
EndProject
Project("{FAE04EC0-301F-11D3-BF4B-00C04F79EFBC}") = "Yuya.Net.ODataServer.SubSystems.ODataUrlParser.Tests", "SubSystems\Yuya.Net.ODataServer.SubSystems.ODataUrlParser.Tests\Yuya.Net.ODataServer.SubSystems.ODataUrlParser.Tests.csproj", "{37B96D4F-93E4-4AB8-9DFF-9E766BD6296F}"
EndProject
Global
	GlobalSection(SolutionConfigurationPlatforms) = preSolution
		Debug|Any CPU = Debug|Any CPU
		Release|Any CPU = Release|Any CPU
	EndGlobalSection
	GlobalSection(ProjectConfigurationPlatforms) = postSolution
		{EAFEBAB2-016B-4ACA-BAE9-4536F979A024}.Debug|Any CPU.ActiveCfg = Debug|Any CPU
		{EAFEBAB2-016B-4ACA-BAE9-4536F979A024}.Debug|Any CPU.Build.0 = Debug|Any CPU
		{EAFEBAB2-016B-4ACA-BAE9-4536F979A024}.Release|Any CPU.ActiveCfg = Release|Any CPU
		{EAFEBAB2-016B-4ACA-BAE9-4536F979A024}.Release|Any CPU.Build.0 = Release|Any CPU
		{37B96D4F-93E4-4AB8-9DFF-9E766BD6296F}.Debug|Any CPU.ActiveCfg = Debug|Any CPU
		{37B96D4F-93E4-4AB8-9DFF-9E766BD6296F}.Debug|Any CPU.Build.0 = Debug|Any CPU
		{37B96D4F-93E4-4AB8-9DFF-9E766BD6296F}.Release|Any CPU.ActiveCfg = Release|Any CPU
		{37B96D4F-93E4-4AB8-9DFF-9E766BD6296F}.Release|Any CPU.Build.0 = Release|Any CPU
	EndGlobalSection
	GlobalSection(SolutionProperties) = preSolution
		HideSolutionNode = FALSE
	EndGlobalSection
	GlobalSection(NestedProjects) = preSolution
		{EAFEBAB2-016B-4ACA-BAE9-4536F979A024} = {7F01C131-F1AE-4235-9F3C-772786BE0615}
		{37B96D4F-93E4-4AB8-9DFF-9E766BD6296F} = {7F01C131-F1AE-4235-9F3C-772786BE0615}
	EndGlobalSection
	GlobalSection(ExtensibilityGlobals) = postSolution
		SolutionGuid = {29DB4083-C8D7-431B-A080-A4A7AFF35970}
	EndGlobalSection
EndGlobal
